
Microsoft Visual Studio Solution File, Format Version 12.00
# Visual Studio Version 17
VisualStudioVersion = 17.4.33110.190
MinimumVisualStudioVersion = 10.0.40219.1
Project("{9A19103F-16F7-4668-BE54-9A1E7A4F7556}") = "MVC_WebApplication", "MVC_WebApplication.csproj", "{FD2119B0-004B-480F-9C60-885FBA1B3D19}"
EndProject
Global
	GlobalSection(SolutionConfigurationPlatforms) = preSolution
		Debug|Any CPU = Debug|Any CPU
		Release|Any CPU = Release|Any CPU
	EndGlobalSection
	GlobalSection(ProjectConfigurationPlatforms) = postSolution
		{FD2119B0-004B-480F-9C60-885FBA1B3D19}.Debug|Any CPU.ActiveCfg = Debug|Any CPU
		{FD2119B0-004B-480F-9C60-885FBA1B3D19}.Debug|Any CPU.Build.0 = Debug|Any CPU
		{FD2119B0-004B-480F-9C60-885FBA1B3D19}.Release|Any CPU.ActiveCfg = Release|Any CPU
		{FD2119B0-004B-480F-9C60-885FBA1B3D19}.Release|Any CPU.Build.0 = Release|Any CPU
	EndGlobalSection
	GlobalSection(SolutionProperties) = preSolution
		HideSolutionNode = FALSE
	EndGlobalSection
	GlobalSection(ExtensibilityGlobals) = postSolution
		SolutionGuid = {CD32AD34-F47D-4D7B-836B-7137ABB982E4}
	EndGlobalSection
EndGlobal
